Microsoft Visual Studio Solution File, Format Version 12.00
# Visual Studio Version 17
VisualStudioVersion = 17.5.2.0
MinimumVisualStudioVersion = 10.0.40219.1
Project("{FAE04EC0-301F-11D3-BF4B-00C04F79EFBC}") = "Tp-classe-abstraites", "Tp-classe-abstraites.csproj", "{6F0277ED-7349-2C8F-8193-6D98B6E52957}"
EndProject
Global
	GlobalSection(SolutionConfigurationPlatforms) = preSolution
		Debug|Any CPU = Debug|Any CPU
		Release|Any CPU = Release|Any CPU
	EndGlobalSection
	GlobalSection(ProjectConfigurationPlatforms) = postSolution
		{6F0277ED-7349-2C8F-8193-6D98B6E52957}.Debug|Any CPU.ActiveCfg = Debug|Any CPU
		{6F0277ED-7349-2C8F-8193-6D98B6E52957}.Debug|Any CPU.Build.0 = Debug|Any CPU
		{6F0277ED-7349-2C8F-8193-6D98B6E52957}.Release|Any CPU.ActiveCfg = Release|Any CPU
		{6F0277ED-7349-2C8F-8193-6D98B6E52957}.Release|Any CPU.Build.0 = Release|Any CPU
	EndGlobalSection
	GlobalSection(SolutionProperties) = preSolution
		HideSolutionNode = FALSE
	EndGlobalSection
	GlobalSection(ExtensibilityGlobals) = postSolution
		SolutionGuid = {214A0E6A-7D14-42C9-8093-A11447BC8821}
	EndGlobalSection
EndGlobal
